
Microsoft Visual Studio Solution File, Format Version 12.00
# Visual Studio Version 18
VisualStudioVersion = 18.6.11806.211 stable
MinimumVisualStudioVersion = 10.0.40219.1
Project("{FAE04EC0-301F-11D3-BF4B-00C04F79EFBC}") = "BellaControl.API", "BellaControl.API.csproj", "{86CC015E-E73B-C0B7-D450-681C23A44D0B}"
EndProject
Global
	GlobalSection(SolutionConfigurationPlatforms) = preSolution
		Debug|Any CPU = Debug|Any CPU
		Release|Any CPU = Release|Any CPU
	EndGlobalSection
	GlobalSection(ProjectConfigurationPlatforms) = postSolution
		{86CC015E-E73B-C0B7-D450-681C23A44D0B}.Debug|Any CPU.ActiveCfg = Debug|Any CPU
		{86CC015E-E73B-C0B7-D450-681C23A44D0B}.Debug|Any CPU.Build.0 = Debug|Any CPU
		{86CC015E-E73B-C0B7-D450-681C23A44D0B}.Release|Any CPU.ActiveCfg = Release|Any CPU
		{86CC015E-E73B-C0B7-D450-681C23A44D0B}.Release|Any CPU.Build.0 = Release|Any CPU
	EndGlobalSection
	GlobalSection(SolutionProperties) = preSolution
		HideSolutionNode = FALSE
	EndGlobalSection
	GlobalSection(ExtensibilityGlobals) = postSolution
		SolutionGuid = {AF3C7370-E638-4D29-8073-C3B6DBF5A3DE}
	EndGlobalSection
EndGlobal
